// !$*UTF8*$!
{
	archiveVersion = 1;
	classes = {
	};
	objectVersion = 46;
	objects = {

/* Begin PBXBuildFile section */
		2015BEF91E75014000D76959 /* Furniture.swift in Sources */ = {isa = PBXBuildFile; fileRef = 2015BEF81E75014000D76959 /* Furniture.swift */; };
		2015BEFB1E750B9400D76959 /* FurnitureTableViewCell.swift in Sources */ = {isa = PBXBuildFile; fileRef = 2015BEFA1E750B9400D76959 /* FurnitureTableViewCell.swift */; };
		2015BEFE1E750F9000D76959 /* FurnitureTableViewController.swift in Sources */ = {isa = PBXBuildFile; fileRef = 2015BEFC1E750F9000D76959 /* FurnitureTableViewController.swift */; };
		2015BEFF1E750F9000D76959 /* FurnitureTableViewController.xib in Resources */ = {isa = PBXBuildFile; fileRef = 2015BEFD1E750F9000D76959 /* FurnitureTableViewController.xib */; };
		202DEC7D1E7B4824005AD6A0 /* CheckoutViewController.swift in Sources */ = {isa = PBXBuildFile; fileRef = 202DEC7C1E7B4824005AD6A0 /* CheckoutViewController.swift */; };
		202DEC7F1E7B4E55005AD6A0 /* CommunityViewController.swift in Sources */ = {isa = PBXBuildFile; fileRef = 202DEC7E1E7B4E55005AD6A0 /* CommunityViewController.swift */; };
		202DEC811E7DA962005AD6A0 /* Comment.swift in Sources */ = {isa = PBXBuildFile; fileRef = 202DEC801E7DA962005AD6A0 /* Comment.swift */; };
		202DEC831E7DAE4D005AD6A0 /* CommentTableViewCell.swift in Sources */ = {isa = PBXBuildFile; fileRef = 202DEC821E7DAE4D005AD6A0 /* CommentTableViewCell.swift */; };
		202DEC851E7DB541005AD6A0 /* CommentTableViewController.swift in Sources */ = {isa = PBXBuildFile; fileRef = 202DEC841E7DB541005AD6A0 /* CommentTableViewController.swift */; };
		20913C8A1E80D8F400B25068 /* CommentDetailViewController.swift in Sources */ = {isa = PBXBuildFile; fileRef = 20913C891E80D8F400B25068 /* CommentDetailViewController.swift */; };
		20996FFB1E6D22BC00DB0304 /* AppDelegate.swift in Sources */ = {isa = PBXBuildFile; fileRef = 20996FFA1E6D22BC00DB0304 /* AppDelegate.swift */; };
		20996FFD1E6D22BC00DB0304 /* FurnitureViewController.swift in Sources */ = {isa = PBXBuildFile; fileRef = 20996FFC1E6D22BC00DB0304 /* FurnitureViewController.swift */; };
		209970001E6D22BC00DB0304 /* Main.storyboard in Resources */ = {isa = PBXBuildFile; fileRef = 20996FFE1E6D22BC00DB0304 /* Main.storyboard */; };
		209970021E6D22BC00DB0304 /* Assets.xcassets in Resources */ = {isa = PBXBuildFile; fileRef = 209970011E6D22BC00DB0304 /* Assets.xcassets */; };
		209970051E6D22BC00DB0304 /* LaunchScreen.storyboard in Resources */ = {isa = PBXBuildFile; fileRef = 209970031E6D22BC00DB0304 /* LaunchScreen.storyboard */; };
		209970101E6D22BC00DB0304 /* IdealHOMETests.swift in Sources */ = {isa = PBXBuildFile; fileRef = 2099700F1E6D22BC00DB0304 /* IdealHOMETests.swift */; };
/* End PBXBuildFile section */

/* Begin PBXContainerItemProxy section */
		2099700C1E6D22BC00DB0304 /* PBXContainerItemProxy */ = {
			isa = PBXContainerItemProxy;
			containerPortal = 20996FEF1E6D22BC00DB0304 /* Project object */;
			proxyType = 1;
			remoteGlobalIDString = 20996FF61E6D22BC00DB0304;
			remoteInfo = IdealHOME;
		};
/* End PBXContainerItemProxy section */

/* Begin PBXFileReference section */
		2015BEF81E75014000D76959 /* Furniture.swift */ = {isa = PBXFileReference; fileEncoding = 4; lastKnownFileType = sourcecode.swift; name = Furniture.swift; path = ../Furniture.swift; sourceTree = "<group>"; };
		2015BEFA1E750B9400D76959 /* FurnitureTableViewCell.swift */ = {isa = PBXFileReference; fileEncoding = 4; lastKnownFileType = sourcecode.swift; path = FurnitureTableViewCell.swift; sourceTree = "<group>"; };
		2015BEFC1E750F9000D76959 /* FurnitureTableViewController.swift */ = {isa = PBXFileReference; fileEncoding = 4; lastKnownFileType = sourcecode.swift; path = FurnitureTableViewController.swift; sourceTree = "<group>"; };
		2015BEFD1E750F9000D76959 /* FurnitureTableViewController.xib */ = {isa = PBXFileReference; fileEncoding = 4; lastKnownFileType = file.xib; path = FurnitureTableViewController.xib; sourceTree = "<group>"; };
		202DEC7C1E7B4824005AD6A0 /* CheckoutViewController.swift */ = {isa = PBXFileReference; fileEncoding = 4; lastKnownFileType = sourcecode.swift; path = CheckoutViewController.swift; sourceTree = "<group>"; };
		202DEC7E1E7B4E55005AD6A0 /* CommunityViewController.swift */ = {isa = PBXFileReference; fileEncoding = 4; lastKnownFileType = sourcecode.swift; path = CommunityViewController.swift; sourceTree = "<group>"; };
		202DEC801E7DA962005AD6A0 /* Comment.swift */ = {isa = PBXFileReference; fileEncoding = 4; lastKnownFileType = sourcecode.swift; path = Comment.swift; sourceTree = "<group>"; };
		202DEC821E7DAE4D005AD6A0 /* CommentTableViewCell.swift */ = {isa = PBXFileReference; fileEncoding = 4; lastKnownFileType = sourcecode.swift; path = CommentTableViewCell.swift; sourceTree = "<group>"; };
		202DEC841E7DB541005AD6A0 /* CommentTableViewController.swift */ = {isa = PBXFileReference; fileEncoding = 4; lastKnownFileType = sourcecode.swift; path = CommentTableViewController.swift; sourceTree = "<group>"; };
		20913C891E80D8F400B25068 /* CommentDetailViewController.swift */ = {isa = PBXFileReference; fileEncoding = 4; lastKnownFileType = sourcecode.swift; path = CommentDetailViewController.swift; sourceTree = "<group>"; };
		20996FF71E6D22BC00DB0304 /* IdealHOME.app */ = {isa = PBXFileReference; explicitFileType = wrapper.application; includeInIndex = 0; path = IdealHOME.app; sourceTree = BUILT_PRODUCTS_DIR; };
		20996FFA1E6D22BC00DB0304 /* AppDelegate.swift */ = {isa = PBXFileReference; lastKnownFileType = sourcecode.swift; path = AppDelegate.swift; sourceTree = "<group>"; };
		20996FFC1E6D22BC00DB0304 /* FurnitureViewController.swift */ = {isa = PBXFileReference; lastKnownFileType = sourcecode.swift; path = FurnitureViewController.swift; sourceTree = "<group>"; };
		20996FFF1E6D22BC00DB0304 /* Base */ = {isa = PBXFileReference; lastKnownFileType = file.storyboard; name = Base; path = Base.lproj/Main.storyboard; sourceTree = "<group>"; };
		209970011E6D22BC00DB0304 /* Assets.xcassets */ = {isa = PBXFileReference; lastKnownFileType = folder.assetcatalog; path = Assets.xcassets; sourceTree = "<group>"; };
		209970041E6D22BC00DB0304 /* Base */ = {isa = PBXFileReference; lastKnownFileType = file.storyboard; name = Base; path = Base.lproj/LaunchScreen.storyboard; sourceTree = "<group>"; };
		209970061E6D22BC00DB0304 /* Info.plist */ = {isa = PBXFileReference; lastKnownFileType = text.plist.xml; path = Info.plist; sourceTree = "<group>"; };
		2099700B1E6D22BC00DB0304 /* IdealHOMETests.xctest */ = {isa = PBXFileReference; explicitFileType = wrapper.cfbundle; includeInIndex = 0; path = IdealHOMETests.xctest; sourceTree = BUILT_PRODUCTS_DIR; };
		2099700F1E6D22BC00DB0304 /* IdealHOMETests.swift */ = {isa = PBXFileReference; lastKnownFileType = sourcecode.swift; path = IdealHOMETests.swift; sourceTree = "<group>"; };
		209970111E6D22BC00DB0304 /* Info.plist */ = {isa = PBXFileReference; lastKnownFileType = text.plist.xml; path = Info.plist; sourceTree = "<group>"; };
/* End PBXFileReference section */

/* Begin PBXFrameworksBuildPhase section */
		20996FF41E6D22BC00DB0304 /* Frameworks */ = {
			isa = PBXFrameworksBuildPhase;
			buildActionMask = 2147483647;
			files = (
			);
			runOnlyForDeploymentPostprocessing = 0;
		};
		209970081E6D22BC00DB0304 /* Frameworks */ = {
			isa = PBXFrameworksBuildPhase;
			buildActionMask = 2147483647;
			files = (
			);
			runOnlyForDeploymentPostprocessing = 0;
		};
/* End PBXFrameworksBuildPhase section */

/* Begin PBXGroup section */
		20996FEE1E6D22BC00DB0304 = {
			isa = PBXGroup;
			children = (
				20996FF91E6D22BC00DB0304 /* IdealHOME */,
				2099700E1E6D22BC00DB0304 /* IdealHOMETests */,
				20996FF81E6D22BC00DB0304 /* Products */,
			);
			sourceTree = "<group>";
		};
		20996FF81E6D22BC00DB0304 /* Products */ = {
			isa = PBXGroup;
			children = (
				20996FF71E6D22BC00DB0304 /* IdealHOME.app */,
				2099700B1E6D22BC00DB0304 /* IdealHOMETests.xctest */,
			);
			name = Products;
			sourceTree = "<group>";
		};
		20996FF91E6D22BC00DB0304 /* IdealHOME */ = {
			isa = PBXGroup;
			children = (
				2015BEF81E75014000D76959 /* Furniture.swift */,
				20996FFA1E6D22BC00DB0304 /* AppDelegate.swift */,
				20996FFC1E6D22BC00DB0304 /* FurnitureViewController.swift */,
				202DEC7C1E7B4824005AD6A0 /* CheckoutViewController.swift */,
				202DEC7E1E7B4E55005AD6A0 /* CommunityViewController.swift */,
				20996FFE1E6D22BC00DB0304 /* Main.storyboard */,
				20913C891E80D8F400B25068 /* CommentDetailViewController.swift */,
				202DEC821E7DAE4D005AD6A0 /* CommentTableViewCell.swift */,
				202DEC841E7DB541005AD6A0 /* CommentTableViewController.swift */,
				202DEC801E7DA962005AD6A0 /* Comment.swift */,
				2015BEFA1E750B9400D76959 /* FurnitureTableViewCell.swift */,
				2015BEFC1E750F9000D76959 /* FurnitureTableViewController.swift */,
				2015BEFD1E750F9000D76959 /* FurnitureTableViewController.xib */,
				209970011E6D22BC00DB0304 /* Assets.xcassets */,
				209970031E6D22BC00DB0304 /* LaunchScreen.storyboard */,
				209970061E6D22BC00DB0304 /* Info.plist */,
			);
			path = IdealHOME;
			sourceTree = "<group>";
		};
		2099700E1E6D22BC00DB0304 /* IdealHOMETests */ = {
			isa = PBXGroup;
			children = (
				2099700F1E6D22BC00DB0304 /* IdealHOMETests.swift */,
				209970111E6D22BC00DB0304 /* Info.plist */,
			);
			path = IdealHOMETests;
			sourceTree = "<group>";
		};
/* End PBXGroup section */

/* Begin PBXNativeTarget section */
		20996FF61E6D22BC00DB0304 /* IdealHOME */ = {
			isa = PBXNativeTarget;
			buildConfigurationList = 209970141E6D22BC00DB0304 /* Build configuration list for PBXNativeTarget "IdealHOME" */;
			buildPhases = (
				20996FF31E6D22BC00DB0304 /* Sources */,
				20996FF41E6D22BC00DB0304 /* Frameworks */,
				20996FF51E6D22BC00DB0304 /* Resources */,
			);
			buildRules = (
			);
			dependencies = (
			);
			name = IdealHOME;
			productName = IdealHOME;
			productReference = 20996FF71E6D22BC00DB0304 /* IdealHOME.app */;
			productType = "com.apple.product-type.application";
		};
		2099700A1E6D22BC00DB0304 /* IdealHOMETests */ = {
			isa = PBXNativeTarget;
			buildConfigurationList = 209970171E6D22BC00DB0304 /* Build configuration list for PBXNativeTarget "IdealHOMETests" */;
			buildPhases = (
				209970071E6D22BC00DB0304 /* Sources */,
				209970081E6D22BC00DB0304 /* Frameworks */,
				209970091E6D22BC00DB0304 /* Resources */,
			);
			buildRules = (
			);
			dependencies = (
				2099700D1E6D22BC00DB0304 /* PBXTargetDependency */,
			);
			name = IdealHOMETests;
			productName = IdealHOMETests;
			productReference = 2099700B1E6D22BC00DB0304 /* IdealHOMETests.xctest */;
			productType = "com.apple.product-type.bundle.unit-test";
		};
/* End PBXNativeTarget section */

/* Begin PBXProject section */
		20996FEF1E6D22BC00DB0304 /* Project object */ = {
			isa = PBXProject;
			attributes = {
				LastSwiftUpdateCheck = 0820;
				LastUpgradeCheck = 0820;
				ORGANIZATIONNAME = "Zhan Dong";
				TargetAttributes = {
					20996FF61E6D22BC00DB0304 = {
						CreatedOnToolsVersion = 8.2.1;
						ProvisioningStyle = Automatic;
					};
					2099700A1E6D22BC00DB0304 = {
						CreatedOnToolsVersion = 8.2.1;
						ProvisioningStyle = Automatic;
						TestTargetID = 20996FF61E6D22BC00DB0304;
					};
				};
			};
			buildConfigurationList = 20996FF21E6D22BC00DB0304 /* Build configuration list for PBXProject "IdealHOME" */;
			compatibilityVersion = "Xcode 3.2";
			developmentRegion = English;
			hasScannedForEncodings = 0;
			knownRegions = (
				en,
				Base,
			);
			mainGroup = 20996FEE1E6D22BC00DB0304;
			productRefGroup = 20996FF81E6D22BC00DB0304 /* Products */;
			projectDirPath = "";
			projectRoot = "";
			targets = (
				20996FF61E6D22BC00DB0304 /* IdealHOME */,
				2099700A1E6D22BC00DB0304 /* IdealHOMETests */,
			);
		};
/* End PBXProject section */

/* Begin PBXResourcesBuildPhase section */
		20996FF51E6D22BC00DB0304 /* Resources */ = {
			isa = PBXResourcesBuildPhase;
			buildActionMask = 2147483647;
			files = (
				2015BEFF1E750F9000D76959 /* FurnitureTableViewController.xib in Resources */,
				209970051E6D22BC00DB0304 /* LaunchScreen.storyboard in Resources */,
				209970021E6D22BC00DB0304 /* Assets.xcassets in Resources */,
				209970001E6D22BC00DB0304 /* Main.storyboard in Resources */,
			);
			runOnlyForDeploymentPostprocessing = 0;
		};
		209970091E6D22BC00DB0304 /* Resources */ = {
			isa = PBXResourcesBuildPhase;
			buildActionMask = 2147483647;
			files = (
			);
			runOnlyForDeploymentPostprocessing = 0;
		};
/* End PBXResourcesBuildPhase section */

/* Begin PBXSourcesBuildPhase section */
		20996FF31E6D22BC00DB0304 /* Sources */ = {
			isa = PBXSourcesBuildPhase;
			buildActionMask = 2147483647;
			files = (
				20996FFD1E6D22BC00DB0304 /* FurnitureViewController.swift in Sources */,
				2015BEF91E75014000D76959 /* Furniture.swift in Sources */,
				2015BEFE1E750F9000D76959 /* FurnitureTableViewController.swift in Sources */,
				202DEC811E7DA962005AD6A0 /* Comment.swift in Sources */,
				20913C8A1E80D8F400B25068 /* CommentDetailViewController.swift in Sources */,
				202DEC831E7DAE4D005AD6A0 /* CommentTableViewCell.swift in Sources */,
				2015BEFB1E750B9400D76959 /* FurnitureTableViewCell.swift in Sources */,
				202DEC7D1E7B4824005AD6A0 /* CheckoutViewController.swift in Sources */,
				20996FFB1E6D22BC00DB0304 /* AppDelegate.swift in Sources */,
				202DEC851E7DB541005AD6A0 /* CommentTableViewController.swift in Sources */,
				202DEC7F1E7B4E55005AD6A0 /* CommunityViewController.swift in Sources */,
			);
			runOnlyForDeploymentPostprocessing = 0;
		};
		209970071E6D22BC00DB0304 /* Sources */ = {
			isa = PBXSourcesBuildPhase;
			buildActionMask = 2147483647;
			files = (
				209970101E6D22BC00DB0304 /* IdealHOMETests.swift in Sources */,
			);
			runOnlyForDeploymentPostprocessing = 0;
		};
/* End PBXSourcesBuildPhase section */

/* Begin PBXTargetDependency section */
		2099700D1E6D22BC00DB0304 /* PBXTargetDependency */ = {
			isa = PBXTargetDependency;
			target = 20996FF61E6D22BC00DB0304 /* IdealHOME */;
			targetProxy = 2099700C1E6D22BC00DB0304 /* PBXContainerItemProxy */;
		};
/* End PBXTargetDependency section */

/* Begin PBXVariantGroup section */
		20996FFE1E6D22BC00DB0304 /* Main.storyboard */ = {
			isa = PBXVariantGroup;
			children = (
				20996FFF1E6D22BC00DB0304 /* Base */,
			);
			name = Main.storyboard;
			sourceTree = "<group>";
		};
		209970031E6D22BC00DB0304 /* LaunchScreen.storyboard */ = {
			isa = PBXVariantGroup;
			children = (
				209970041E6D22BC00DB0304 /* Base */,
			);
			name = LaunchScreen.storyboard;
			sourceTree = "<group>";
		};
/* End PBXVariantGroup section */

/* Begin XCBuildConfiguration section */
		209970121E6D22BC00DB0304 /* Debug */ = {
			isa = XCBuildConfiguration;
			buildSettings = {
				ALWAYS_SEARCH_USER_PATHS = NO;
				CLANG_ANALYZER_NONNULL = YES;
				CLANG_CXX_LANGUAGE_STANDARD = "gnu++0x";
				CLANG_CXX_LIBRARY = "libc++";
				CLANG_ENABLE_MODULES = YES;
				CLANG_ENABLE_OBJC_ARC = YES;
				CLANG_WARN_BOOL_CONVERSION = YES;
				CLANG_WARN_CONSTANT_CONVERSION = YES;
				CLANG_WARN_DIRECT_OBJC_ISA_USAGE = YES_ERROR;
				CLANG_WARN_DOCUMENTATION_COMMENTS = YES;
				CLANG_WARN_EMPTY_BODY = YES;
				CLANG_WARN_ENUM_CONVERSION = YES;
				CLANG_WARN_INFINITE_RECURSION = YES;
				CLANG_WARN_INT_CONVERSION = YES;
				CLANG_WARN_OBJC_ROOT_CLASS = YES_ERROR;
				CLANG_WARN_SUSPICIOUS_MOVE = YES;
				CLANG_WARN_UNREACHABLE_CODE = YES;
				CLANG_WARN__DUPLICATE_METHOD_MATCH = YES;
				"CODE_SIGN_IDENTITY[sdk=iphoneos*]" = "iPhone Developer";
				COPY_PHASE_STRIP = NO;
				DEBUG_INFORMATION_FORMAT = dwarf;
				ENABLE_STRICT_OBJC_MSGSEND = YES;
				ENABLE_TESTABILITY = YES;
				GCC_C_LANGUAGE_STANDARD = gnu99;
				GCC_DYNAMIC_NO_PIC = NO;
				GCC_NO_COMMON_BLOCKS = YES;
				GCC_OPTIMIZATION_LEVEL = 0;
				GCC_PREPROCESSOR_DEFINITIONS = (
					"DEBUG=1",
					"$(inherited)",
				);
				GCC_WARN_64_TO_32_BIT_CONVERSION = YES;
				GCC_WARN_ABOUT_RETURN_TYPE = YES_ERROR;
				GCC_WARN_UNDECLARED_SELECTOR = YES;
				GCC_WARN_UNINITIALIZED_AUTOS = YES_AGGRESSIVE;
				GCC_WARN_UNUSED_FUNCTION = YES;
				GCC_WARN_UNUSED_VARIABLE = YES;
				IPHONEOS_DEPLOYMENT_TARGET = 10.2;
				MTL_ENABLE_DEBUG_INFO = YES;
				ONLY_ACTIVE_ARCH = YES;
				SDKROOT = iphoneos;
				SWIFT_ACTIVE_COMPILATION_CONDITIONS = DEBUG;
				SWIFT_OPTIMIZATION_LEVEL = "-Onone";
				TARGETED_DEVICE_FAMILY = "1,2";
			};
			name = Debug;
		};
		209970131E6D22BC00DB0304 /* Release */ = {
			isa = XCBuildConfiguration;
			buildSettings = {
				ALWAYS_SEARCH_USER_PATHS = NO;
				CLANG_ANALYZER_NONNULL = YES;
				CLANG_CXX_LANGUAGE_STANDARD = "gnu++0x";
				CLANG_CXX_LIBRARY = "libc++";
				CLANG_ENABLE_MODULES = YES;
				CLANG_ENABLE_OBJC_ARC = YES;
				CLANG_WARN_BOOL_CONVERSION = YES;
				CLANG_WARN_CONSTANT_CONVERSION = YES;
				CLANG_WARN_DIRECT_OBJC_ISA_USAGE = YES_ERROR;
				CLANG_WARN_DOCUMENTATION_COMMENTS = YES;
				CLANG_WARN_EMPTY_BODY = YES;
				CLANG_WARN_ENUM_CONVERSION = YES;
				CLANG_WARN_INFINITE_RECURSION = YES;
				CLANG_WARN_INT_CONVERSION = YES;
				CLANG_WARN_OBJC_ROOT_CLASS = YES_ERROR;
				CLANG_WARN_SUSPICIOUS_MOVE = YES;
				CLANG_WARN_UNREACHABLE_CODE = YES;
				CLANG_WARN__DUPLICATE_METHOD_MATCH = YES;
				"CODE_SIGN_IDENTITY[sdk=iphoneos*]" = "iPhone Developer";
				COPY_PHASE_STRIP = NO;
				DEBUG_INFORMATION_FORMAT = "dwarf-with-dsym";
				ENABLE_NS_ASSERTIONS = NO;
				ENABLE_STRICT_OBJC_MSGSEND = YES;
				GCC_C_LANGUAGE_STANDARD = gnu99;
				GCC_NO_COMMON_BLOCKS = YES;
				GCC_WARN_64_TO_32_BIT_CONVERSION = YES;
				GCC_WARN_ABOUT_RETURN_TYPE = YES_ERROR;
				GCC_WARN_UNDECLARED_SELECTOR = YES;
				GCC_WARN_UNINITIALIZED_AUTOS = YES_AGGRESSIVE;
				GCC_WARN_UNUSED_FUNCTION = YES;
				GCC_WARN_UNUSED_VARIABLE = YES;
				IPHONEOS_DEPLOYMENT_TARGET = 10.2;
				MTL_ENABLE_DEBUG_INFO = NO;
				SDKROOT = iphoneos;
				SWIFT_OPTIMIZATION_LEVEL = "-Owholemodule";
				TARGETED_DEVICE_FAMILY = "1,2";
				VALIDATE_PRODUCT = YES;
			};
			name = Release;
		};
		209970151E6D22BC00DB0304 /* Debug */ = {
			isa = XCBuildConfiguration;
			buildSettings = {
				ASSETCATALOG_COMPILER_APPICON_NAME = AppIcon;
				INFOPLIST_FILE = IdealHOME/Info.plist;
				LD_RUNPATH_SEARCH_PATHS = "$(inherited) @executable_path/Frameworks";
				PRODUCT_BUNDLE_IDENTIFIER = com.idh.IdealHOME;
				PRODUCT_NAME = "$(TARGET_NAME)";
				SWIFT_VERSION = 3.0;
			};
			name = Debug;
		};
		209970161E6D22BC00DB0304 /* Release */ = {
			isa = XCBuildConfiguration;
			buildSettings = {
				ASSETCATALOG_COMPILER_APPICON_NAME = AppIcon;
				INFOPLIST_FILE = IdealHOME/Info.plist;
				LD_RUNPATH_SEARCH_PATHS = "$(inherited) @executable_path/Frameworks";
				PRODUCT_BUNDLE_IDENTIFIER = com.idh.IdealHOME;
				PRODUCT_NAME = "$(TARGET_NAME)";
				SWIFT_VERSION = 3.0;
			};
			name = Release;
		};
		209970181E6D22BC00DB0304 /* Debug */ = {
			isa = XCBuildConfiguration;
			buildSettings = {
				ALWAYS_EMBED_SWIFT_STANDARD_LIBRARIES = YES;
				BUNDLE_LOADER = "$(TEST_HOST)";
				INFOPLIST_FILE = IdealHOMETests/Info.plist;
				LD_RUNPATH_SEARCH_PATHS = "$(inherited) @executable_path/Frameworks @loader_path/Frameworks";
				PRODUCT_BUNDLE_IDENTIFIER = com.idh.IdealHOMETests;
				PRODUCT_NAME = "$(TARGET_NAME)";
				SWIFT_VERSION = 3.0;
				TEST_HOST = "$(BUILT_PRODUCTS_DIR)/IdealHOME.app/IdealHOME";
			};
			name = Debug;
		};
		209970191E6D22BC00DB0304 /* Release */ = {
			isa = XCBuildConfiguration;
			buildSettings = {
				ALWAYS_EMBED_SWIFT_STANDARD_LIBRARIES = YES;
				BUNDLE_LOADER = "$(TEST_HOST)";
				INFOPLIST_FILE = IdealHOMETests/Info.plist;
				LD_RUNPATH_SEARCH_PATHS = "$(inherited) @executable_path/Frameworks @loader_path/Frameworks";
				PRODUCT_BUNDLE_IDENTIFIER = com.idh.IdealHOMETests;
				PRODUCT_NAME = "$(TARGET_NAME)";
				SWIFT_VERSION = 3.0;
				TEST_HOST = "$(BUILT_PRODUCTS_DIR)/IdealHOME.app/IdealHOME";
			};
			name = Release;
		};
/* End XCBuildConfiguration section */

/* Begin XCConfigurationList section */
		20996FF21E6D22BC00DB0304 /* Build configuration list for PBXProject "IdealHOME" */ = {
			isa = XCConfigurationList;
			buildConfigurations = (
				209970121E6D22BC00DB0304 /* Debug */,
				209970131E6D22BC00DB0304 /* Release */,
			);
			defaultConfigurationIsVisible = 0;
			defaultConfigurationName = Release;
		};
		209970141E6D22BC00DB0304 /* Build configuration list for PBXNativeTarget "IdealHOME" */ = {
			isa = XCConfigurationList;
			buildConfigurations = (
				209970151E6D22BC00DB0304 /* Debug */,
				209970161E6D22BC00DB0304 /* Release */,
			);
			defaultConfigurationIsVisible = 0;
			defaultConfigurationName = Release;
		};
		209970171E6D22BC00DB0304 /* Build configuration list for PBXNativeTarget "IdealHOMETests" */ = {
			isa = XCConfigurationList;
			buildConfigurations = (
				209970181E6D22BC00DB0304 /* Debug */,
				209970191E6D22BC00DB0304 /* Release */,
			);
			defaultConfigurationIsVisible = 0;
			defaultConfigurationName = Release;
		};
/* End XCConfigurationList section */
	};
	rootObject = 20996FEF1E6D22BC00DB0304 /* Project object */;
}
